
Microsoft Visual Studio Solution File, Format Version 12.00
# Visual Studio 15
VisualStudioVersion = 15.0.27130.2036
MinimumVisualStudioVersion = 10.0.40219.1
Project("{FAE04EC0-301F-11D3-BF4B-00C04F79EFBC}") = "First48.Android", "First48\First48.Android\First48.Android.csproj", "{621DF17C-CD6A-45A7-BBB3-8BA1FE372E62}"
EndProject
Project("{FAE04EC0-301F-11D3-BF4B-00C04F79EFBC}") = "First48.iOS", "First48\First48.iOS\First48.iOS.csproj", "{597BEF48-7971-4329-B1E7-36B4978BD60A}"
EndProject
Project("{FAE04EC0-301F-11D3-BF4B-00C04F79EFBC}") = "First48.UWP", "First48\First48.UWP\First48.UWP.csproj", "{4823457F-8AF8-4A7E-B59D-111FA2C60953}"
EndProject
Project("{9A19103F-16F7-4668-BE54-9A1E7A4F7556}") = "First48", "First48\First48\First48.csproj", "{E808C289-7F24-408E-AFDB-49FF4455BF2A}"
EndProject
Global
	GlobalSection(SolutionConfigurationPlatforms) = preSolution
		Ad-Hoc|Any CPU = Ad-Hoc|Any CPU
		Ad-Hoc|ARM = Ad-Hoc|ARM
		Ad-Hoc|iPhone = Ad-Hoc|iPhone
		Ad-Hoc|iPhoneSimulator = Ad-Hoc|iPhoneSimulator
		Ad-Hoc|x64 = Ad-Hoc|x64
		Ad-Hoc|x86 = Ad-Hoc|x86
		AppStore|Any CPU = AppStore|Any CPU
		AppStore|ARM = AppStore|ARM
		AppStore|iPhone = AppStore|iPhone
		AppStore|iPhoneSimulator = AppStore|iPhoneSimulator
		AppStore|x64 = AppStore|x64
		AppStore|x86 = AppStore|x86
		Debug|Any CPU = Debug|Any CPU
		Debug|ARM = Debug|ARM
		Debug|iPhone = Debug|iPhone
		Debug|iPhoneSimulator = Debug|iPhoneSimulator
		Debug|x64 = Debug|x64
		Debug|x86 = Debug|x86
		Release|Any CPU = Release|Any CPU
		Release|ARM = Release|ARM
		Release|iPhone = Release|iPhone
		Release|iPhoneSimulator = Release|iPhoneSimulator
		Release|x64 = Release|x64
		Release|x86 = Release|x86
	EndGlobalSection
	GlobalSection(ProjectConfigurationPlatforms) = postSolution
		{621DF17C-CD6A-45A7-BBB3-8BA1FE372E62}.Ad-Hoc|Any CPU.ActiveCfg = Release|Any CPU
		{621DF17C-CD6A-45A7-BBB3-8BA1FE372E62}.Ad-Hoc|Any CPU.Build.0 = Release|Any CPU
		{621DF17C-CD6A-45A7-BBB3-8BA1FE372E62}.Ad-Hoc|Any CPU.Deploy.0 = Release|Any CPU
		{621DF17C-CD6A-45A7-BBB3-8BA1FE372E62}.Ad-Hoc|ARM.ActiveCfg = Release|Any CPU
		{621DF17C-CD6A-45A7-BBB3-8BA1FE372E62}.Ad-Hoc|ARM.Build.0 = Release|Any CPU
		{621DF17C-CD6A-45A7-BBB3-8BA1FE372E62}.Ad-Hoc|ARM.Deploy.0 = Release|Any CPU
		{621DF17C-CD6A-45A7-BBB3-8BA1FE372E62}.Ad-Hoc|iPhone.ActiveCfg = Release|Any CPU
		{621DF17C-CD6A-45A7-BBB3-8BA1FE372E62}.Ad-Hoc|iPhone.Build.0 = Release|Any CPU
		{621DF17C-CD6A-45A7-BBB3-8BA1FE372E62}.Ad-Hoc|iPhone.Deploy.0 = Release|Any CPU
		{621DF17C-CD6A-45A7-BBB3-8BA1FE372E62}.Ad-Hoc|iPhoneSimulator.ActiveCfg = Release|Any CPU
		{621DF17C-CD6A-45A7-BBB3-8BA1FE372E62}.Ad-Hoc|iPhoneSimulator.Build.0 = Release|Any CPU
		{621DF17C-CD6A-45A7-BBB3-8BA1FE372E62}.Ad-Hoc|iPhoneSimulator.Deploy.0 = Release|Any CPU
		{621DF17C-CD6A-45A7-BBB3-8BA1FE372E62}.Ad-Hoc|x64.ActiveCfg = Release|Any CPU
		{621DF17C-CD6A-45A7-BBB3-8BA1FE372E62}.Ad-Hoc|x64.Build.0 = Release|Any CPU
		{621DF17C-CD6A-45A7-BBB3-8BA1FE372E62}.Ad-Hoc|x64.Deploy.0 = Release|Any CPU
		{621DF17C-CD6A-45A7-BBB3-8BA1FE372E62}.Ad-Hoc|x86.ActiveCfg = Release|Any CPU
		{621DF17C-CD6A-45A7-BBB3-8BA1FE372E62}.Ad-Hoc|x86.Build.0 = Release|Any CPU
		{621DF17C-CD6A-45A7-BBB3-8BA1FE372E62}.Ad-Hoc|x86.Deploy.0 = Release|Any CPU
		{621DF17C-CD6A-45A7-BBB3-8BA1FE372E62}.AppStore|Any CPU.ActiveCfg = Release|Any CPU
		{621DF17C-CD6A-45A7-BBB3-8BA1FE372E62}.AppStore|Any CPU.Build.0 = Release|Any CPU
		{621DF17C-CD6A-45A7-BBB3-8BA1FE372E62}.AppStore|Any CPU.Deploy.0 = Release|Any CPU
		{621DF17C-CD6A-45A7-BBB3-8BA1FE372E62}.AppStore|ARM.ActiveCfg = Release|Any CPU
		{621DF17C-CD6A-45A7-BBB3-8BA1FE372E62}.AppStore|ARM.Build.0 = Release|Any CPU
		{621DF17C-CD6A-45A7-BBB3-8BA1FE372E62}.AppStore|ARM.Deploy.0 = Release|Any CPU
		{621DF17C-CD6A-45A7-BBB3-8BA1FE372E62}.AppStore|iPhone.ActiveCfg = Release|Any CPU
		{621DF17C-CD6A-45A7-BBB3-8BA1FE372E62}.AppStore|iPhone.Build.0 = Release|Any CPU
		{621DF17C-CD6A-45A7-BBB3-8BA1FE372E62}.AppStore|iPhone.Deploy.0 = Release|Any CPU
		{621DF17C-CD6A-45A7-BBB3-8BA1FE372E62}.AppStore|iPhoneSimulator.ActiveCfg = Release|Any CPU
		{621DF17C-CD6A-45A7-BBB3-8BA1FE372E62}.AppStore|iPhoneSimulator.Build.0 = Release|Any CPU
		{621DF17C-CD6A-45A7-BBB3-8BA1FE372E62}.AppStore|iPhoneSimulator.Deploy.0 = Release|Any CPU
		{621DF17C-CD6A-45A7-BBB3-8BA1FE372E62}.AppStore|x64.ActiveCfg = Release|Any CPU
		{621DF17C-CD6A-45A7-BBB3-8BA1FE372E62}.AppStore|x64.Build.0 = Release|Any CPU
		{621DF17C-CD6A-45A7-BBB3-8BA1FE372E62}.AppStore|x64.Deploy.0 = Release|Any CPU
		{621DF17C-CD6A-45A7-BBB3-8BA1FE372E62}.AppStore|x86.ActiveCfg = Release|Any CPU
		{621DF17C-CD6A-45A7-BBB3-8BA1FE372E62}.AppStore|x86.Build.0 = Release|Any CPU
		{621DF17C-CD6A-45A7-BBB3-8BA1FE372E62}.AppStore|x86.Deploy.0 = Release|Any CPU
		{621DF17C-CD6A-45A7-BBB3-8BA1FE372E62}.Debug|Any CPU.ActiveCfg = Debug|Any CPU
		{621DF17C-CD6A-45A7-BBB3-8BA1FE372E62}.Debug|Any CPU.Build.0 = Debug|Any CPU
		{621DF17C-CD6A-45A7-BBB3-8BA1FE372E62}.Debug|Any CPU.Deploy.0 = Debug|Any CPU
		{621DF17C-CD6A-45A7-BBB3-8BA1FE372E62}.Debug|ARM.ActiveCfg = Debug|Any CPU
		{621DF17C-CD6A-45A7-BBB3-8BA1FE372E62}.Debug|ARM.Build.0 = Debug|Any CPU
		{621DF17C-CD6A-45A7-BBB3-8BA1FE372E62}.Debug|ARM.Deploy.0 = Debug|Any CPU
		{621DF17C-CD6A-45A7-BBB3-8BA1FE372E62}.Debug|iPhone.ActiveCfg = Debug|Any CPU
		{621DF17C-CD6A-45A7-BBB3-8BA1FE372E62}.Debug|iPhone.Build.0 = Debug|Any CPU
		{621DF17C-CD6A-45A7-BBB3-8BA1FE372E62}.Debug|iPhone.Deploy.0 = Debug|Any CPU
		{621DF17C-CD6A-45A7-BBB3-8BA1FE372E62}.Debug|iPhoneSimulator.ActiveCfg = Debug|Any CPU
		{621DF17C-CD6A-45A7-BBB3-8BA1FE372E62}.Debug|iPhoneSimulator.Build.0 = Debug|Any CPU
		{621DF17C-CD6A-45A7-BBB3-8BA1FE372E62}.Debug|iPhoneSimulator.Deploy.0 = Debug|Any CPU
		{621DF17C-CD6A-45A7-BBB3-8BA1FE372E62}.Debug|x64.ActiveCfg = Debug|Any CPU
		{621DF17C-CD6A-45A7-BBB3-8BA1FE372E62}.Debug|x64.Build.0 = Debug|Any CPU
		{621DF17C-CD6A-45A7-BBB3-8BA1FE372E62}.Debug|x64.Deploy.0 = Debug|Any CPU
		{621DF17C-CD6A-45A7-BBB3-8BA1FE372E62}.Debug|x86.ActiveCfg = Debug|Any CPU
		{621DF17C-CD6A-45A7-BBB3-8BA1FE372E62}.Debug|x86.Build.0 = Debug|Any CPU
		{621DF17C-CD6A-45A7-BBB3-8BA1FE372E62}.Debug|x86.Deploy.0 = Debug|Any CPU
		{621DF17C-CD6A-45A7-BBB3-8BA1FE372E62}.Release|Any CPU.ActiveCfg = Release|Any CPU
		{621DF17C-CD6A-45A7-BBB3-8BA1FE372E62}.Release|Any CPU.Build.0 = Release|Any CPU
		{621DF17C-CD6A-45A7-BBB3-8BA1FE372E62}.Release|Any CPU.Deploy.0 = Release|Any CPU
		{621DF17C-CD6A-45A7-BBB3-8BA1FE372E62}.Release|ARM.ActiveCfg = Release|Any CPU
		{621DF17C-CD6A-45A7-BBB3-8BA1FE372E62}.Release|ARM.Build.0 = Release|Any CPU
		{621DF17C-CD6A-45A7-BBB3-8BA1FE372E62}.Release|ARM.Deploy.0 = Release|Any CPU
		{621DF17C-CD6A-45A7-BBB3-8BA1FE372E62}.Release|iPhone.ActiveCfg = Release|Any CPU
		{621DF17C-CD6A-45A7-BBB3-8BA1FE372E62}.Release|iPhone.Build.0 = Release|Any CPU
		{621DF17C-CD6A-45A7-BBB3-8BA1FE372E62}.Release|iPhone.Deploy.0 = Release|Any CPU
		{621DF17C-CD6A-45A7-BBB3-8BA1FE372E62}.Release|iPhoneSimulator.ActiveCfg = Release|Any CPU
		{621DF17C-CD6A-45A7-BBB3-8BA1FE372E62}.Release|iPhoneSimulator.Build.0 = Release|Any CPU
		{621DF17C-CD6A-45A7-BBB3-8BA1FE372E62}.Release|iPhoneSimulator.Deploy.0 = Release|Any CPU
		{621DF17C-CD6A-45A7-BBB3-8BA1FE372E62}.Release|x64.ActiveCfg = Release|Any CPU
		{621DF17C-CD6A-45A7-BBB3-8BA1FE372E62}.Release|x64.Build.0 = Release|Any CPU
		{621DF17C-CD6A-45A7-BBB3-8BA1FE372E62}.Release|x64.Deploy.0 = Release|Any CPU
		{621DF17C-CD6A-45A7-BBB3-8BA1FE372E62}.Release|x86.ActiveCfg = Release|Any CPU
		{621DF17C-CD6A-45A7-BBB3-8BA1FE372E62}.Release|x86.Build.0 = Release|Any CPU
		{621DF17C-CD6A-45A7-BBB3-8BA1FE372E62}.Release|x86.Deploy.0 = Release|Any CPU
		{597BEF48-7971-4329-B1E7-36B4978BD60A}.Ad-Hoc|Any CPU.ActiveCfg = Ad-Hoc|iPhone
		{597BEF48-7971-4329-B1E7-36B4978BD60A}.Ad-Hoc|ARM.ActiveCfg = Ad-Hoc|iPhone
		{597BEF48-7971-4329-B1E7-36B4978BD60A}.Ad-Hoc|iPhone.ActiveCfg = Ad-Hoc|iPhone
		{597BEF48-7971-4329-B1E7-36B4978BD60A}.Ad-Hoc|iPhone.Build.0 = Ad-Hoc|iPhone
		{597BEF48-7971-4329-B1E7-36B4978BD60A}.Ad-Hoc|iPhoneSimulator.ActiveCfg = Ad-Hoc|iPhoneSimulator
		{597BEF48-7971-4329-B1E7-36B4978BD60A}.Ad-Hoc|iPhoneSimulator.Build.0 = Ad-Hoc|iPhoneSimulator
		{597BEF48-7971-4329-B1E7-36B4978BD60A}.Ad-Hoc|x64.ActiveCfg = Ad-Hoc|iPhone
		{597BEF48-7971-4329-B1E7-36B4978BD60A}.Ad-Hoc|x86.ActiveCfg = Ad-Hoc|iPhone
		{597BEF48-7971-4329-B1E7-36B4978BD60A}.AppStore|Any CPU.ActiveCfg = AppStore|iPhone
		{597BEF48-7971-4329-B1E7-36B4978BD60A}.AppStore|ARM.ActiveCfg = AppStore|iPhone
		{597BEF48-7971-4329-B1E7-36B4978BD60A}.AppStore|iPhone.ActiveCfg = AppStore|iPhone
		{597BEF48-7971-4329-B1E7-36B4978BD60A}.AppStore|iPhone.Build.0 = AppStore|iPhone
		{597BEF48-7971-4329-B1E7-36B4978BD60A}.AppStore|iPhoneSimulator.ActiveCfg = AppStore|iPhoneSimulator
		{597BEF48-7971-4329-B1E7-36B4978BD60A}.AppStore|iPhoneSimulator.Build.0 = AppStore|iPhoneSimulator
		{597BEF48-7971-4329-B1E7-36B4978BD60A}.AppStore|x64.ActiveCfg = AppStore|iPhone
		{597BEF48-7971-4329-B1E7-36B4978BD60A}.AppStore|x86.ActiveCfg = AppStore|iPhone
		{597BEF48-7971-4329-B1E7-36B4978BD60A}.Debug|Any CPU.ActiveCfg = Debug|iPhone
		{597BEF48-7971-4329-B1E7-36B4978BD60A}.Debug|ARM.ActiveCfg = Debug|iPhone
		{597BEF48-7971-4329-B1E7-36B4978BD60A}.Debug|iPhone.ActiveCfg = Debug|iPhone
		{597BEF48-7971-4329-B1E7-36B4978BD60A}.Debug|iPhone.Build.0 = Debug|iPhone
		{597BEF48-7971-4329-B1E7-36B4978BD60A}.Debug|iPhoneSimulator.ActiveCfg = Debug|iPhoneSimulator
		{597BEF48-7971-4329-B1E7-36B4978BD60A}.Debug|iPhoneSimulator.Build.0 = Debug|iPhoneSimulator
		{597BEF48-7971-4329-B1E7-36B4978BD60A}.Debug|x64.ActiveCfg = Debug|iPhone
		{597BEF48-7971-4329-B1E7-36B4978BD60A}.Debug|x86.ActiveCfg = Debug|iPhone
		{597BEF48-7971-4329-B1E7-36B4978BD60A}.Release|Any CPU.ActiveCfg = Release|iPhone
		{597BEF48-7971-4329-B1E7-36B4978BD60A}.Release|ARM.ActiveCfg = Release|iPhone
		{597BEF48-7971-4329-B1E7-36B4978BD60A}.Release|iPhone.ActiveCfg = Release|iPhone
		{597BEF48-7971-4329-B1E7-36B4978BD60A}.Release|iPhone.Build.0 = Release|iPhone
		{597BEF48-7971-4329-B1E7-36B4978BD60A}.Release|iPhoneSimulator.ActiveCfg = Release|iPhoneSimulator
		{597BEF48-7971-4329-B1E7-36B4978BD60A}.Release|iPhoneSimulator.Build.0 = Release|iPhoneSimulator
		{597BEF48-7971-4329-B1E7-36B4978BD60A}.Release|x64.ActiveCfg = Release|iPhone
		{597BEF48-7971-4329-B1E7-36B4978BD60A}.Release|x86.ActiveCfg = Release|iPhone
		{4823457F-8AF8-4A7E-B59D-111FA2C60953}.Ad-Hoc|Any CPU.ActiveCfg = Release|x86
		{4823457F-8AF8-4A7E-B59D-111FA2C60953}.Ad-Hoc|Any CPU.Build.0 = Release|x86
		{4823457F-8AF8-4A7E-B59D-111FA2C60953}.Ad-Hoc|Any CPU.Deploy.0 = Release|x86
		{4823457F-8AF8-4A7E-B59D-111FA2C60953}.Ad-Hoc|ARM.ActiveCfg = Release|ARM
		{4823457F-8AF8-4A7E-B59D-111FA2C60953}.Ad-Hoc|ARM.Build.0 = Release|ARM
		{4823457F-8AF8-4A7E-B59D-111FA2C60953}.Ad-Hoc|ARM.Deploy.0 = Release|ARM
		{4823457F-8AF8-4A7E-B59D-111FA2C60953}.Ad-Hoc|iPhone.ActiveCfg = Release|x86
		{4823457F-8AF8-4A7E-B59D-111FA2C60953}.Ad-Hoc|iPhone.Build.0 = Release|x86
		{4823457F-8AF8-4A7E-B59D-111FA2C60953}.Ad-Hoc|iPhone.Deploy.0 = Release|x86
		{4823457F-8AF8-4A7E-B59D-111FA2C60953}.Ad-Hoc|iPhoneSimulator.ActiveCfg = Release|x86
		{4823457F-8AF8-4A7E-B59D-111FA2C60953}.Ad-Hoc|iPhoneSimulator.Build.0 = Release|x86
		{4823457F-8AF8-4A7E-B59D-111FA2C60953}.Ad-Hoc|iPhoneSimulator.Deploy.0 = Release|x86
		{4823457F-8AF8-4A7E-B59D-111FA2C60953}.Ad-Hoc|x64.ActiveCfg = Release|x64
		{4823457F-8AF8-4A7E-B59D-111FA2C60953}.Ad-Hoc|x64.Build.0 = Release|x64
		{4823457F-8AF8-4A7E-B59D-111FA2C60953}.Ad-Hoc|x64.Deploy.0 = Release|x64
		{4823457F-8AF8-4A7E-B59D-111FA2C60953}.Ad-Hoc|x86.ActiveCfg = Release|x86
		{4823457F-8AF8-4A7E-B59D-111FA2C60953}.Ad-Hoc|x86.Build.0 = Release|x86
		{4823457F-8AF8-4A7E-B59D-111FA2C60953}.Ad-Hoc|x86.Deploy.0 = Release|x86
		{4823457F-8AF8-4A7E-B59D-111FA2C60953}.AppStore|Any CPU.ActiveCfg = Release|x86
		{4823457F-8AF8-4A7E-B59D-111FA2C60953}.AppStore|Any CPU.Build.0 = Release|x86
		{4823457F-8AF8-4A7E-B59D-111FA2C60953}.AppStore|Any CPU.Deploy.0 = Release|x86
		{4823457F-8AF8-4A7E-B59D-111FA2C60953}.AppStore|ARM.ActiveCfg = Release|ARM
		{4823457F-8AF8-4A7E-B59D-111FA2C60953}.AppStore|ARM.Build.0 = Release|ARM
		{4823457F-8AF8-4A7E-B59D-111FA2C60953}.AppStore|ARM.Deploy.0 = Release|ARM
		{4823457F-8AF8-4A7E-B59D-111FA2C60953}.AppStore|iPhone.ActiveCfg = Release|x86
		{4823457F-8AF8-4A7E-B59D-111FA2C60953}.AppStore|iPhone.Build.0 = Release|x86
		{4823457F-8AF8-4A7E-B59D-111FA2C60953}.AppStore|iPhone.Deploy.0 = Release|x86
		{4823457F-8AF8-4A7E-B59D-111FA2C60953}.AppStore|iPhoneSimulator.ActiveCfg = Release|x86
		{4823457F-8AF8-4A7E-B59D-111FA2C60953}.AppStore|iPhoneSimulator.Build.0 = Release|x86
		{4823457F-8AF8-4A7E-B59D-111FA2C60953}.AppStore|iPhoneSimulator.Deploy.0 = Release|x86
		{4823457F-8AF8-4A7E-B59D-111FA2C60953}.AppStore|x64.ActiveCfg = Release|x64
		{4823457F-8AF8-4A7E-B59D-111FA2C60953}.AppStore|x64.Build.0 = Release|x64
		{4823457F-8AF8-4A7E-B59D-111FA2C60953}.AppStore|x64.Deploy.0 = Release|x64
		{4823457F-8AF8-4A7E-B59D-111FA2C60953}.AppStore|x86.ActiveCfg = Release|x86
		{4823457F-8AF8-4A7E-B59D-111FA2C60953}.AppStore|x86.Build.0 = Release|x86
		{4823457F-8AF8-4A7E-B59D-111FA2C60953}.AppStore|x86.Deploy.0 = Release|x86
		{4823457F-8AF8-4A7E-B59D-111FA2C60953}.Debug|Any CPU.ActiveCfg = Debug|x86
		{4823457F-8AF8-4A7E-B59D-111FA2C60953}.Debug|Any CPU.Build.0 = Debug|x86
		{4823457F-8AF8-4A7E-B59D-111FA2C60953}.Debug|Any CPU.Deploy.0 = Debug|x86
		{4823457F-8AF8-4A7E-B59D-111FA2C60953}.Debug|ARM.ActiveCfg = Debug|ARM
		{4823457F-8AF8-4A7E-B59D-111FA2C60953}.Debug|ARM.Build.0 = Debug|ARM
		{4823457F-8AF8-4A7E-B59D-111FA2C60953}.Debug|ARM.Deploy.0 = Debug|ARM
		{4823457F-8AF8-4A7E-B59D-111FA2C60953}.Debug|iPhone.ActiveCfg = Debug|x86
		{4823457F-8AF8-4A7E-B59D-111FA2C60953}.Debug|iPhoneSimulator.ActiveCfg = Debug|x86
		{4823457F-8AF8-4A7E-B59D-111FA2C60953}.Debug|x64.ActiveCfg = Debug|x64
		{4823457F-8AF8-4A7E-B59D-111FA2C60953}.Debug|x64.Build.0 = Debug|x64
		{4823457F-8AF8-4A7E-B59D-111FA2C60953}.Debug|x64.Deploy.0 = Debug|x64
		{4823457F-8AF8-4A7E-B59D-111FA2C60953}.Debug|x86.ActiveCfg = Debug|x86
		{4823457F-8AF8-4A7E-B59D-111FA2C60953}.Debug|x86.Build.0 = Debug|x86
		{4823457F-8AF8-4A7E-B59D-111FA2C60953}.Debug|x86.Deploy.0 = Debug|x86
		{4823457F-8AF8-4A7E-B59D-111FA2C60953}.Release|Any CPU.ActiveCfg = Release|x86
		{4823457F-8AF8-4A7E-B59D-111FA2C60953}.Release|ARM.ActiveCfg = Release|ARM
		{4823457F-8AF8-4A7E-B59D-111FA2C60953}.Release|ARM.Build.0 = Release|ARM
		{4823457F-8AF8-4A7E-B59D-111FA2C60953}.Release|ARM.Deploy.0 = Release|ARM
		{4823457F-8AF8-4A7E-B59D-111FA2C60953}.Release|iPhone.ActiveCfg = Release|x86
		{4823457F-8AF8-4A7E-B59D-111FA2C60953}.Release|iPhoneSimulator.ActiveCfg = Release|x86
		{4823457F-8AF8-4A7E-B59D-111FA2C60953}.Release|x64.ActiveCfg = Release|x64
		{4823457F-8AF8-4A7E-B59D-111FA2C60953}.Release|x64.Build.0 = Release|x64
		{4823457F-8AF8-4A7E-B59D-111FA2C60953}.Release|x64.Deploy.0 = Release|x64
		{4823457F-8AF8-4A7E-B59D-111FA2C60953}.Release|x86.ActiveCfg = Release|x86
		{4823457F-8AF8-4A7E-B59D-111FA2C60953}.Release|x86.Build.0 = Release|x86
		{4823457F-8AF8-4A7E-B59D-111FA2C60953}.Release|x86.Deploy.0 = Release|x86
		{E808C289-7F24-408E-AFDB-49FF4455BF2A}.Ad-Hoc|Any CPU.ActiveCfg = Debug|Any CPU
		{E808C289-7F24-408E-AFDB-49FF4455BF2A}.Ad-Hoc|Any CPU.Build.0 = Debug|Any CPU
		{E808C289-7F24-408E-AFDB-49FF4455BF2A}.Ad-Hoc|ARM.ActiveCfg = Debug|Any CPU
		{E808C289-7F24-408E-AFDB-49FF4455BF2A}.Ad-Hoc|ARM.Build.0 = Debug|Any CPU
		{E808C289-7F24-408E-AFDB-49FF4455BF2A}.Ad-Hoc|iPhone.ActiveCfg = Debug|Any CPU
		{E808C289-7F24-408E-AFDB-49FF4455BF2A}.Ad-Hoc|iPhone.Build.0 = Debug|Any CPU
		{E808C289-7F24-408E-AFDB-49FF4455BF2A}.Ad-Hoc|iPhoneSimulator.ActiveCfg = Debug|Any CPU
		{E808C289-7F24-408E-AFDB-49FF4455BF2A}.Ad-Hoc|iPhoneSimulator.Build.0 = Debug|Any CPU
		{E808C289-7F24-408E-AFDB-49FF4455BF2A}.Ad-Hoc|x64.ActiveCfg = Debug|Any CPU
		{E808C289-7F24-408E-AFDB-49FF4455BF2A}.Ad-Hoc|x64.Build.0 = Debug|Any CPU
		{E808C289-7F24-408E-AFDB-49FF4455BF2A}.Ad-Hoc|x86.ActiveCfg = Debug|Any CPU
		{E808C289-7F24-408E-AFDB-49FF4455BF2A}.Ad-Hoc|x86.Build.0 = Debug|Any CPU
		{E808C289-7F24-408E-AFDB-49FF4455BF2A}.AppStore|Any CPU.ActiveCfg = Debug|Any CPU
		{E808C289-7F24-408E-AFDB-49FF4455BF2A}.AppStore|Any CPU.Build.0 = Debug|Any CPU
		{E808C289-7F24-408E-AFDB-49FF4455BF2A}.AppStore|ARM.ActiveCfg = Debug|Any CPU
		{E808C289-7F24-408E-AFDB-49FF4455BF2A}.AppStore|ARM.Build.0 = Debug|Any CPU
		{E808C289-7F24-408E-AFDB-49FF4455BF2A}.AppStore|iPhone.ActiveCfg = Debug|Any CPU
		{E808C289-7F24-408E-AFDB-49FF4455BF2A}.AppStore|iPhone.Build.0 = Debug|Any CPU
		{E808C289-7F24-408E-AFDB-49FF4455BF2A}.AppStore|iPhoneSimulator.ActiveCfg = Debug|Any CPU
		{E808C289-7F24-408E-AFDB-49FF4455BF2A}.AppStore|iPhoneSimulator.Build.0 = Debug|Any CPU
		{E808C289-7F24-408E-AFDB-49FF4455BF2A}.AppStore|x64.ActiveCfg = Debug|Any CPU
		{E808C289-7F24-408E-AFDB-49FF4455BF2A}.AppStore|x64.Build.0 = Debug|Any CPU
		{E808C289-7F24-408E-AFDB-49FF4455BF2A}.AppStore|x86.ActiveCfg = Debug|Any CPU
		{E808C289-7F24-408E-AFDB-49FF4455BF2A}.AppStore|x86.Build.0 = Debug|Any CPU
		{E808C289-7F24-408E-AFDB-49FF4455BF2A}.Debug|Any CPU.ActiveCfg = Debug|Any CPU
		{E808C289-7F24-408E-AFDB-49FF4455BF2A}.Debug|Any CPU.Build.0 = Debug|Any CPU
		{E808C289-7F24-408E-AFDB-49FF4455BF2A}.Debug|ARM.ActiveCfg = Debug|Any CPU
		{E808C289-7F24-408E-AFDB-49FF4455BF2A}.Debug|ARM.Build.0 = Debug|Any CPU
		{E808C289-7F24-408E-AFDB-49FF4455BF2A}.Debug|iPhone.ActiveCfg = Debug|Any CPU
		{E808C289-7F24-408E-AFDB-49FF4455BF2A}.Debug|iPhone.Build.0 = Debug|Any CPU
		{E808C289-7F24-408E-AFDB-49FF4455BF2A}.Debug|iPhoneSimulator.ActiveCfg = Debug|Any CPU
		{E808C289-7F24-408E-AFDB-49FF4455BF2A}.Debug|iPhoneSimulator.Build.0 = Debug|Any CPU
		{E808C289-7F24-408E-AFDB-49FF4455BF2A}.Debug|x64.ActiveCfg = Debug|Any CPU
		{E808C289-7F24-408E-AFDB-49FF4455BF2A}.Debug|x64.Build.0 = Debug|Any CPU
		{E808C289-7F24-408E-AFDB-49FF4455BF2A}.Debug|x86.ActiveCfg = Debug|Any CPU
		{E808C289-7F24-408E-AFDB-49FF4455BF2A}.Debug|x86.Build.0 = Debug|Any CPU
		{E808C289-7F24-408E-AFDB-49FF4455BF2A}.Release|Any CPU.ActiveCfg = Release|Any CPU
		{E808C289-7F24-408E-AFDB-49FF4455BF2A}.Release|Any CPU.Build.0 = Release|Any CPU
		{E808C289-7F24-408E-AFDB-49FF4455BF2A}.Release|ARM.ActiveCfg = Release|Any CPU
		{E808C289-7F24-408E-AFDB-49FF4455BF2A}.Release|ARM.Build.0 = Release|Any CPU
		{E808C289-7F24-408E-AFDB-49FF4455BF2A}.Release|iPhone.ActiveCfg = Release|Any CPU
		{E808C289-7F24-408E-AFDB-49FF4455BF2A}.Release|iPhone.Build.0 = Release|Any CPU
		{E808C289-7F24-408E-AFDB-49FF4455BF2A}.Release|iPhoneSimulator.ActiveCfg = Release|Any CPU
		{E808C289-7F24-408E-AFDB-49FF4455BF2A}.Release|iPhoneSimulator.Build.0 = Release|Any CPU
		{E808C289-7F24-408E-AFDB-49FF4455BF2A}.Release|x64.ActiveCfg = Release|Any CPU
		{E808C289-7F24-408E-AFDB-49FF4455BF2A}.Release|x64.Build.0 = Release|Any CPU
		{E808C289-7F24-408E-AFDB-49FF4455BF2A}.Release|x86.ActiveCfg = Release|Any CPU
		{E808C289-7F24-408E-AFDB-49FF4455BF2A}.Release|x86.Build.0 = Release|Any CPU
	EndGlobalSection
	GlobalSection(SolutionProperties) = preSolution
		HideSolutionNode = FALSE
	EndGlobalSection
	GlobalSection(ExtensibilityGlobals) = postSolution
		SolutionGuid = {01051C0D-E63F-413D-96FB-F75989E0D298}
	EndGlobalSection
EndGlobal
